
Microsoft Visual Studio Solution File, Format Version 12.00
# Visual Studio Version 17
VisualStudioVersion = 17.5.002.0
MinimumVisualStudioVersion = 10.0.40219.1
Project("{9A19103F-16F7-4668-BE54-9A1E7A4F7556}") = "projet-c-sharp-groupe-c", "projet-c-sharp-groupe-c.csproj", "{44928B1A-A5B0-4FD3-A3C6-25144F5B85D5}"
EndProject
Global
	GlobalSection(SolutionConfigurationPlatforms) = preSolution
		Debug|Any CPU = Debug|Any CPU
		Release|Any CPU = Release|Any CPU
	EndGlobalSection
	GlobalSection(ProjectConfigurationPlatforms) = postSolution
		{44928B1A-A5B0-4FD3-A3C6-25144F5B85D5}.Debug|Any CPU.ActiveCfg = Debug|Any CPU
		{44928B1A-A5B0-4FD3-A3C6-25144F5B85D5}.Debug|Any CPU.Build.0 = Debug|Any CPU
		{44928B1A-A5B0-4FD3-A3C6-25144F5B85D5}.Release|Any CPU.ActiveCfg = Release|Any CPU
		{44928B1A-A5B0-4FD3-A3C6-25144F5B85D5}.Release|Any CPU.Build.0 = Release|Any CPU
	EndGlobalSection
	GlobalSection(SolutionProperties) = preSolution
		HideSolutionNode = FALSE
	EndGlobalSection
	GlobalSection(ExtensibilityGlobals) = postSolution
		SolutionGuid = {ED40ECA3-2E22-4D79-A603-9D18249CF194}
	EndGlobalSection
EndGlobal
